
Microsoft Visual Studio Solution File, Format Version 12.00
# Visual Studio 14
VisualStudioVersion = 14.0.25420.1
MinimumVisualStudioVersion = 10.0.40219.1
Project("{FAE04EC0-301F-11D3-BF4B-00C04F79EFBC}") = "FrontEnd", "ProductionControllSystem\FrontEnd.csproj", "{A104E60F-3452-4DF5-BEB4-8C5A42DB6C4A}"
EndProject
Project("{FAE04EC0-301F-11D3-BF4B-00C04F79EFBC}") = "WCF", "SFA_WCF\WCF.csproj", "{DFE65D4F-E98D-4B2A-AF3D-E9F3C6FEADCC}"
EndProject
Project("{FAE04EC0-301F-11D3-BF4B-00C04F79EFBC}") = "ClassLibrary", "ClassLibrary\ClassLibrary.csproj", "{2E340BAF-46E0-43B0-AF2F-6036BA9B2810}"
EndProject
Global
	GlobalSection(SolutionConfigurationPlatforms) = preSolution
		Debug|Any CPU = Debug|Any CPU
		Release|Any CPU = Release|Any CPU
	EndGlobalSection
	GlobalSection(ProjectConfigurationPlatforms) = postSolution
		{A104E60F-3452-4DF5-BEB4-8C5A42DB6C4A}.Debug|Any CPU.ActiveCfg = Debug|Any CPU
		{A104E60F-3452-4DF5-BEB4-8C5A42DB6C4A}.Debug|Any CPU.Build.0 = Debug|Any CPU
		{A104E60F-3452-4DF5-BEB4-8C5A42DB6C4A}.Release|Any CPU.ActiveCfg = Release|Any CPU
		{A104E60F-3452-4DF5-BEB4-8C5A42DB6C4A}.Release|Any CPU.Build.0 = Release|Any CPU
		{DFE65D4F-E98D-4B2A-AF3D-E9F3C6FEADCC}.Debug|Any CPU.ActiveCfg = Debug|Any CPU
		{DFE65D4F-E98D-4B2A-AF3D-E9F3C6FEADCC}.Debug|Any CPU.Build.0 = Debug|Any CPU
		{DFE65D4F-E98D-4B2A-AF3D-E9F3C6FEADCC}.Release|Any CPU.ActiveCfg = Release|Any CPU
		{DFE65D4F-E98D-4B2A-AF3D-E9F3C6FEADCC}.Release|Any CPU.Build.0 = Release|Any CPU
		{2E340BAF-46E0-43B0-AF2F-6036BA9B2810}.Debug|Any CPU.ActiveCfg = Debug|Any CPU
		{2E340BAF-46E0-43B0-AF2F-6036BA9B2810}.Debug|Any CPU.Build.0 = Debug|Any CPU
		{2E340BAF-46E0-43B0-AF2F-6036BA9B2810}.Release|Any CPU.ActiveCfg = Release|Any CPU
		{2E340BAF-46E0-43B0-AF2F-6036BA9B2810}.Release|Any CPU.Build.0 = Release|Any CPU
	EndGlobalSection
	GlobalSection(SolutionProperties) = preSolution
		HideSolutionNode = FALSE
	EndGlobalSection
EndGlobal
